# Generated by `xrobot setup`; do not edit by hand.
version: 1
requests:
- id: xrobot-org/BlinkLED
  ref: same-or-dev
modules:
  xrobot-org/BlinkLED:
    repo: https://github.com/xrobot-org/BlinkLED.git
    source: https://xrobot.work/xrobot-modules/index.yaml
    requested: same-or-dev
    resolved_ref: master
    ref_kind: branch
    commit: 0ca1620261fea84a3a391ff219199b7bef4d9a1e
